{
  "name": "angularjs-spa",
  "version": "1.0.0",
  "lockfileVersion": 1,
  "requires": true,
  "dependencies": {
    "@uirouter/core": {
      "version": "6.0.6",
      "resolved": "https://registry.npmjs.org/@uirouter/core/-/core-6.0.6.tgz",
      "integrity": "sha512-+i1iNaPQRp1JoEnxi4EsTX30bSvkWtPEenENWdvdIzX615Q3WCWwnbW9DtrwX9gSD5qmWEaQEtGMU0uF3qJ+1g=="
    },
    "angular": {
      "version": "1.8.0",
      "resolved": "https://registry.npmjs.org/angular/-/angular-1.8.0.tgz",
      "integrity": "sha512-VdaMx+Qk0Skla7B5gw77a8hzlcOakwF8mjlW13DpIWIDlfqwAbSSLfd8N/qZnzEmQF4jC4iofInd3gE7vL8ZZg=="
    },
    "angular-ui-router": {
      "version": "1.0.27",
      "resolved": "https://registry.npmjs.org/angular-ui-router/-/angular-ui-router-1.0.27.tgz",
      "integrity": "sha512-Y2I1Z0knCpYWs5T4WSCucSf2PfAEx+2ANGZmBX8ZZKo5KVtSUb0YpfeTQRHz9XAPr9Y7bBcQox1H3dOQS7ouEQ==",
      "requires": {
        "@uirouter/core": "6.0.6"
      }
    }
  }
}
